// !$*UTF8*$!
{
	archiveVersion = 1;
	classes = {
	};
	objectVersion = 55;
	objects = {

/* Begin PBXBuildFile section */
		A144C5DF2746ADD000CB75F3 /* AppDelegate.swift in Sources */ = {isa = PBXBuildFile; fileRef = A144C5DE2746ADD000CB75F3 /* AppDelegate.swift */; };
		A144C5E12746ADD000CB75F3 /* SceneDelegate.swift in Sources */ = {isa = PBXBuildFile; fileRef = A144C5E02746ADD000CB75F3 /* SceneDelegate.swift */; };
		A144C5E32746ADD000CB75F3 /* StartViewController.swift in Sources */ = {isa = PBXBuildFile; fileRef = A144C5E22746ADD000CB75F3 /* StartViewController.swift */; };
		A144C5E62746ADD000CB75F3 /* Main.storyboard in Resources */ = {isa = PBXBuildFile; fileRef = A144C5E42746ADD000CB75F3 /* Main.storyboard */; };
		A144C5E92746ADD000CB75F3 /* Heroues.xcdatamodeld in Sources */ = {isa = PBXBuildFile; fileRef = A144C5E72746ADD000CB75F3 /* Heroues.xcdatamodeld */; };
		A144C5EB2746ADD000CB75F3 /* Assets.xcassets in Resources */ = {isa = PBXBuildFile; fileRef = A144C5EA2746ADD000CB75F3 /* Assets.xcassets */; };
		A144C5EE2746ADD000CB75F3 /* LaunchScreen.storyboard in Resources */ = {isa = PBXBuildFile; fileRef = A144C5EC2746ADD000CB75F3 /* LaunchScreen.storyboard */; };
		A144C5F72746B38D00CB75F3 /* HeroViewController.swift in Sources */ = {isa = PBXBuildFile; fileRef = A144C5F62746B38D00CB75F3 /* HeroViewController.swift */; };
		A144C5F92746B67600CB75F3 /* NetworkServise.swift in Sources */ = {isa = PBXBuildFile; fileRef = A144C5F82746B67600CB75F3 /* NetworkServise.swift */; };
		A15B04A1274818D500AD42E8 /* Model.swift in Sources */ = {isa = PBXBuildFile; fileRef = A15B04A0274818D500AD42E8 /* Model.swift */; };
		A15B04A527481FF800AD42E8 /* FetchImage.swift in Sources */ = {isa = PBXBuildFile; fileRef = A15B04A427481FF800AD42E8 /* FetchImage.swift */; };
/* End PBXBuildFile section */

/* Begin PBXFileReference section */
		A144C5DB2746ADD000CB75F3 /* Heroes.app */ = {isa = PBXFileReference; explicitFileType = wrapper.application; includeInIndex = 0; path = Heroes.app; sourceTree = BUILT_PRODUCTS_DIR; };
		A144C5DE2746ADD000CB75F3 /* AppDelegate.swift */ = {isa = PBXFileReference; lastKnownFileType = sourcecode.swift; path = AppDelegate.swift; sourceTree = "<group>"; };
		A144C5E02746ADD000CB75F3 /* SceneDelegate.swift */ = {isa = PBXFileReference; lastKnownFileType = sourcecode.swift; path = SceneDelegate.swift; sourceTree = "<group>"; };
		A144C5E22746ADD000CB75F3 /* StartViewController.swift */ = {isa = PBXFileReference; lastKnownFileType = sourcecode.swift; path = StartViewController.swift; sourceTree = "<group>"; };
		A144C5E52746ADD000CB75F3 /* Base */ = {isa = PBXFileReference; lastKnownFileType = file.storyboard; name = Base; path = Base.lproj/Main.storyboard; sourceTree = "<group>"; };
		A144C5E82746ADD000CB75F3 /* Heroues.xcdatamodel */ = {isa = PBXFileReference; lastKnownFileType = wrapper.xcdatamodel; path = Heroues.xcdatamodel; sourceTree = "<group>"; };
		A144C5EA2746ADD000CB75F3 /* Assets.xcassets */ = {isa = PBXFileReference; lastKnownFileType = folder.assetcatalog; path = Assets.xcassets; sourceTree = "<group>"; };
		A144C5ED2746ADD000CB75F3 /* Base */ = {isa = PBXFileReference; lastKnownFileType = file.storyboard; name = Base; path = Base.lproj/LaunchScreen.storyboard; sourceTree = "<group>"; };
		A144C5EF2746ADD000CB75F3 /* Info.plist */ = {isa = PBXFileReference; lastKnownFileType = text.plist.xml; path = Info.plist; sourceTree = "<group>"; };
		A144C5F62746B38D00CB75F3 /* HeroViewController.swift */ = {isa = PBXFileReference; lastKnownFileType = sourcecode.swift; path = HeroViewController.swift; sourceTree = "<group>"; };
		A144C5F82746B67600CB75F3 /* NetworkServise.swift */ = {isa = PBXFileReference; lastKnownFileType = sourcecode.swift; path = NetworkServise.swift; sourceTree = "<group>"; };
		A15B04A0274818D500AD42E8 /* Model.swift */ = {isa = PBXFileReference; lastKnownFileType = sourcecode.swift; path = Model.swift; sourceTree = "<group>"; };
		A15B04A427481FF800AD42E8 /* FetchImage.swift */ = {isa = PBXFileReference; lastKnownFileType = sourcecode.swift; path = FetchImage.swift; sourceTree = "<group>"; };
/* End PBXFileReference section */

/* Begin PBXFrameworksBuildPhase section */
		A144C5D82746ADD000CB75F3 /* Frameworks */ = {
			isa = PBXFrameworksBuildPhase;
			buildActionMask = 2147483647;
			files = (
			);
			runOnlyForDeploymentPostprocessing = 0;
		};
/* End PBXFrameworksBuildPhase section */

/* Begin PBXGroup section */
		A144C5D22746ADD000CB75F3 = {
			isa = PBXGroup;
			children = (
				A144C5DD2746ADD000CB75F3 /* Heroes */,
				A144C5DC2746ADD000CB75F3 /* Products */,
			);
			sourceTree = "<group>";
		};
		A144C5DC2746ADD000CB75F3 /* Products */ = {
			isa = PBXGroup;
			children = (
				A144C5DB2746ADD000CB75F3 /* Heroes.app */,
			);
			name = Products;
			sourceTree = "<group>";
		};
		A144C5DD2746ADD000CB75F3 /* Heroes */ = {
			isa = PBXGroup;
			children = (
				A144C5DE2746ADD000CB75F3 /* AppDelegate.swift */,
				A144C5E02746ADD000CB75F3 /* SceneDelegate.swift */,
				A144C5F52746B35700CB75F3 /* ViewControllers */,
				A15B049F2747F97300AD42E8 /* Storyboards */,
				A15B04A2274818DA00AD42E8 /* Models */,
				A144C5FA2746B6C400CB75F3 /* Servise */,
				A15B04A327481A1B00AD42E8 /* App */,
				A144C5E72746ADD000CB75F3 /* Heroues.xcdatamodeld */,
			);
			path = Heroes;
			sourceTree = "<group>";
		};
		A144C5F52746B35700CB75F3 /* ViewControllers */ = {
			isa = PBXGroup;
			children = (
				A144C5E22746ADD000CB75F3 /* StartViewController.swift */,
				A144C5F62746B38D00CB75F3 /* HeroViewController.swift */,
			);
			path = ViewControllers;
			sourceTree = "<group>";
		};
		A144C5FA2746B6C400CB75F3 /* Servise */ = {
			isa = PBXGroup;
			children = (
				A144C5F82746B67600CB75F3 /* NetworkServise.swift */,
				A15B04A427481FF800AD42E8 /* FetchImage.swift */,
			);
			path = Servise;
			sourceTree = "<group>";
		};
		A15B049F2747F97300AD42E8 /* Storyboards */ = {
			isa = PBXGroup;
			children = (
				A144C5E42746ADD000CB75F3 /* Main.storyboard */,
				A144C5EC2746ADD000CB75F3 /* LaunchScreen.storyboard */,
			);
			path = Storyboards;
			sourceTree = "<group>";
		};
		A15B04A2274818DA00AD42E8 /* Models */ = {
			isa = PBXGroup;
			children = (
				A15B04A0274818D500AD42E8 /* Model.swift */,
			);
			path = Models;
			sourceTree = "<group>";
		};
		A15B04A327481A1B00AD42E8 /* App */ = {
			isa = PBXGroup;
			children = (
				A144C5EA2746ADD000CB75F3 /* Assets.xcassets */,
				A144C5EF2746ADD000CB75F3 /* Info.plist */,
			);
			path = App;
			sourceTree = "<group>";
		};
/* End PBXGroup section */

/* Begin PBXNativeTarget section */
		A144C5DA2746ADD000CB75F3 /* Heroes */ = {
			isa = PBXNativeTarget;
			buildConfigurationList = A144C5F22746ADD000CB75F3 /* Build configuration list for PBXNativeTarget "Heroes" */;
			buildPhases = (
				A144C5D72746ADD000CB75F3 /* Sources */,
				A144C5D82746ADD000CB75F3 /* Frameworks */,
				A144C5D92746ADD000CB75F3 /* Resources */,
			);
			buildRules = (
			);
			dependencies = (
			);
			name = Heroes;
			productName = Heroues;
			productReference = A144C5DB2746ADD000CB75F3 /* Heroes.app */;
			productType = "com.apple.product-type.application";
		};
/* End PBXNativeTarget section */

/* Begin PBXProject section */
		A144C5D32746ADD000CB75F3 /* Project object */ = {
			isa = PBXProject;
			attributes = {
				BuildIndependentTargetsInParallel = 1;
				LastSwiftUpdateCheck = 1310;
				LastUpgradeCheck = 1310;
				TargetAttributes = {
					A144C5DA2746ADD000CB75F3 = {
						CreatedOnToolsVersion = 13.1;
					};
				};
			};
			buildConfigurationList = A144C5D62746ADD000CB75F3 /* Build configuration list for PBXProject "Heroes" */;
			compatibilityVersion = "Xcode 13.0";
			developmentRegion = en;
			hasScannedForEncodings = 0;
			knownRegions = (
				en,
				Base,
			);
			mainGroup = A144C5D22746ADD000CB75F3;
			productRefGroup = A144C5DC2746ADD000CB75F3 /* Products */;
			projectDirPath = "";
			projectRoot = "";
			targets = (
				A144C5DA2746ADD000CB75F3 /* Heroes */,
			);
		};
/* End PBXProject section */

/* Begin PBXResourcesBuildPhase section */
		A144C5D92746ADD000CB75F3 /* Resources */ = {
			isa = PBXResourcesBuildPhase;
			buildActionMask = 2147483647;
			files = (
				A144C5EE2746ADD000CB75F3 /* LaunchScreen.storyboard in Resources */,
				A144C5EB2746ADD000CB75F3 /* Assets.xcassets in Resources */,
				A144C5E62746ADD000CB75F3 /* Main.storyboard in Resources */,
			);
			runOnlyForDeploymentPostprocessing = 0;
		};
/* End PBXResourcesBuildPhase section */

/* Begin PBXSourcesBuildPhase section */
		A144C5D72746ADD000CB75F3 /* Sources */ = {
			isa = PBXSourcesBuildPhase;
			buildActionMask = 2147483647;
			files = (
				A15B04A527481FF800AD42E8 /* FetchImage.swift in Sources */,
				A15B04A1274818D500AD42E8 /* Model.swift in Sources */,
				A144C5F72746B38D00CB75F3 /* HeroViewController.swift in Sources */,
				A144C5E32746ADD000CB75F3 /* StartViewController.swift in Sources */,
				A144C5DF2746ADD000CB75F3 /* AppDelegate.swift in Sources */,
				A144C5F92746B67600CB75F3 /* NetworkServise.swift in Sources */,
				A144C5E12746ADD000CB75F3 /* SceneDelegate.swift in Sources */,
				A144C5E92746ADD000CB75F3 /* Heroues.xcdatamodeld in Sources */,
			);
			runOnlyForDeploymentPostprocessing = 0;
		};
/* End PBXSourcesBuildPhase section */

/* Begin PBXVariantGroup section */
		A144C5E42746ADD000CB75F3 /* Main.storyboard */ = {
			isa = PBXVariantGroup;
			children = (
				A144C5E52746ADD000CB75F3 /* Base */,
			);
			name = Main.storyboard;
			sourceTree = "<group>";
		};
		A144C5EC2746ADD000CB75F3 /* LaunchScreen.storyboard */ = {
			isa = PBXVariantGroup;
			children = (
				A144C5ED2746ADD000CB75F3 /* Base */,
			);
			name = LaunchScreen.storyboard;
			sourceTree = "<group>";
		};
/* End PBXVariantGroup section */

/* Begin XCBuildConfiguration section */
		A144C5F02746ADD000CB75F3 /* Debug */ = {
			isa = XCBuildConfiguration;
			buildSettings = {
				ALWAYS_SEARCH_USER_PATHS = NO;
				CLANG_ANALYZER_NONNULL = YES;
				CLANG_ANALYZER_NUMBER_OBJECT_CONVERSION = YES_AGGRESSIVE;
				CLANG_CXX_LANGUAGE_STANDARD = "gnu++17";
				CLANG_CXX_LIBRARY = "libc++";
				CLANG_ENABLE_MODULES = YES;
				CLANG_ENABLE_OBJC_ARC = YES;
				CLANG_ENABLE_OBJC_WEAK = YES;
				CLANG_WARN_BLOCK_CAPTURE_AUTORELEASING = YES;
				CLANG_WARN_BOOL_CONVERSION = YES;
				CLANG_WARN_COMMA = YES;
				CLANG_WARN_CONSTANT_CONVERSION = YES;
				CLANG_WARN_DEPRECATED_OBJC_IMPLEMENTATIONS = YES;
				CLANG_WARN_DIRECT_OBJC_ISA_USAGE = YES_ERROR;
				CLANG_WARN_DOCUMENTATION_COMMENTS = YES;
				CLANG_WARN_EMPTY_BODY = YES;
				CLANG_WARN_ENUM_CONVERSION = YES;
				CLANG_WARN_INFINITE_RECURSION = YES;
				CLANG_WARN_INT_CONVERSION = YES;
				CLANG_WARN_NON_LITERAL_NULL_CONVERSION = YES;
				CLANG_WARN_OBJC_IMPLICIT_RETAIN_SELF = YES;
				CLANG_WARN_OBJC_LITERAL_CONVERSION = YES;
				CLANG_WARN_OBJC_ROOT_CLASS = YES_ERROR;
				CLANG_WARN_QUOTED_INCLUDE_IN_FRAMEWORK_HEADER = YES;
				CLANG_WARN_RANGE_LOOP_ANALYSIS = YES;
				CLANG_WARN_STRICT_PROTOTYPES = YES;
				CLANG_WARN_SUSPICIOUS_MOVE = YES;
				CLANG_WARN_UNGUARDED_AVAILABILITY = YES_AGGRESSIVE;
				CLANG_WARN_UNREACHABLE_CODE = YES;
				CLANG_WARN__DUPLICATE_METHOD_MATCH = YES;
				COPY_PHASE_STRIP = NO;
				DEBUG_INFORMATION_FORMAT = dwarf;
				ENABLE_STRICT_OBJC_MSGSEND = YES;
				ENABLE_TESTABILITY = YES;
				GCC_C_LANGUAGE_STANDARD = gnu11;
				GCC_DYNAMIC_NO_PIC = NO;
				GCC_NO_COMMON_BLOCKS = YES;
				GCC_OPTIMIZATION_LEVEL = 0;
				GCC_PREPROCESSOR_DEFINITIONS = (
					"DEBUG=1",
					"$(inherited)",
				);
				GCC_WARN_64_TO_32_BIT_CONVERSION = YES;
				GCC_WARN_ABOUT_RETURN_TYPE = YES_ERROR;
				GCC_WARN_UNDECLARED_SELECTOR = YES;
				GCC_WARN_UNINITIALIZED_AUTOS = YES_AGGRESSIVE;
				GCC_WARN_UNUSED_FUNCTION = YES;
				GCC_WARN_UNUSED_VARIABLE = YES;
				IPHONEOS_DEPLOYMENT_TARGET = 15.0;
				MTL_ENABLE_DEBUG_INFO = INCLUDE_SOURCE;
				MTL_FAST_MATH = YES;
				ONLY_ACTIVE_ARCH = YES;
				SDKROOT = iphoneos;
				SWIFT_ACTIVE_COMPILATION_CONDITIONS = DEBUG;
				SWIFT_OPTIMIZATION_LEVEL = "-Onone";
			};
			name = Debug;
		};
		A144C5F12746ADD000CB75F3 /* Release */ = {
			isa = XCBuildConfiguration;
			buildSettings = {
				ALWAYS_SEARCH_USER_PATHS = NO;
				CLANG_ANALYZER_NONNULL = YES;
				CLANG_ANALYZER_NUMBER_OBJECT_CONVERSION = YES_AGGRESSIVE;
				CLANG_CXX_LANGUAGE_STANDARD = "gnu++17";
				CLANG_CXX_LIBRARY = "libc++";
				CLANG_ENABLE_MODULES = YES;
				CLANG_ENABLE_OBJC_ARC = YES;
				CLANG_ENABLE_OBJC_WEAK = YES;
				CLANG_WARN_BLOCK_CAPTURE_AUTORELEASING = YES;
				CLANG_WARN_BOOL_CONVERSION = YES;
				CLANG_WARN_COMMA = YES;
				CLANG_WARN_CONSTANT_CONVERSION = YES;
				CLANG_WARN_DEPRECATED_OBJC_IMPLEMENTATIONS = YES;
				CLANG_WARN_DIRECT_OBJC_ISA_USAGE = YES_ERROR;
				CLANG_WARN_DOCUMENTATION_COMMENTS = YES;
				CLANG_WARN_EMPTY_BODY = YES;
				CLANG_WARN_ENUM_CONVERSION = YES;
				CLANG_WARN_INFINITE_RECURSION = YES;
				CLANG_WARN_INT_CONVERSION = YES;
				CLANG_WARN_NON_LITERAL_NULL_CONVERSION = YES;
				CLANG_WARN_OBJC_IMPLICIT_RETAIN_SELF = YES;
				CLANG_WARN_OBJC_LITERAL_CONVERSION = YES;
				CLANG_WARN_OBJC_ROOT_CLASS = YES_ERROR;
				CLANG_WARN_QUOTED_INCLUDE_IN_FRAMEWORK_HEADER = YES;
				CLANG_WARN_RANGE_LOOP_ANALYSIS = YES;
				CLANG_WARN_STRICT_PROTOTYPES = YES;
				CLANG_WARN_SUSPICIOUS_MOVE = YES;
				CLANG_WARN_UNGUARDED_AVAILABILITY = YES_AGGRESSIVE;
				CLANG_WARN_UNREACHABLE_CODE = YES;
				CLANG_WARN__DUPLICATE_METHOD_MATCH = YES;
				COPY_PHASE_STRIP = NO;
				DEBUG_INFORMATION_FORMAT = "dwarf-with-dsym";
				ENABLE_NS_ASSERTIONS = NO;
				ENABLE_STRICT_OBJC_MSGSEND = YES;
				GCC_C_LANGUAGE_STANDARD = gnu11;
				GCC_NO_COMMON_BLOCKS = YES;
				GCC_WARN_64_TO_32_BIT_CONVERSION = YES;
				GCC_WARN_ABOUT_RETURN_TYPE = YES_ERROR;
				GCC_WARN_UNDECLARED_SELECTOR = YES;
				GCC_WARN_UNINITIALIZED_AUTOS = YES_AGGRESSIVE;
				GCC_WARN_UNUSED_FUNCTION = YES;
				GCC_WARN_UNUSED_VARIABLE = YES;
				IPHONEOS_DEPLOYMENT_TARGET = 15.0;
				MTL_ENABLE_DEBUG_INFO = NO;
				MTL_FAST_MATH = YES;
				SDKROOT = iphoneos;
				SWIFT_COMPILATION_MODE = wholemodule;
				SWIFT_OPTIMIZATION_LEVEL = "-O";
				VALIDATE_PRODUCT = YES;
			};
			name = Release;
		};
		A144C5F32746ADD000CB75F3 /* Debug */ = {
			isa = XCBuildConfiguration;
			buildSettings = {
				ASSETCATALOG_COMPILER_APPICON_NAME = AppIcon;
				ASSETCATALOG_COMPILER_GLOBAL_ACCENT_COLOR_NAME = AccentColor;
				CODE_SIGN_STYLE = Automatic;
				CURRENT_PROJECT_VERSION = 1;
				DEVELOPMENT_TEAM = HDWNKQ472C;
				GENERATE_INFOPLIST_FILE = YES;
				INFOPLIST_FILE = Heroes/App/Info.plist;
				INFOPLIST_KEY_CFBundleDisplayName = "Heroуs";
				INFOPLIST_KEY_UIApplicationSupportsIndirectInputEvents = YES;
				INFOPLIST_KEY_UILaunchStoryboardName = LaunchScreen;
				INFOPLIST_KEY_UIMainStoryboardFile = Main;
				INFOPLIST_KEY_UISupportedInterfaceOrientations = UIInterfaceOrientationPortrait;
				INFOPLIST_KEY_UISupportedInterfaceOrientations_iPad = "UIInterfaceOrientationPortrait UIInterfaceOrientationPortraitUpsideDown UIInterfaceOrientationLandscapeLeft UIInterfaceOrientationLandscapeRight";
				INFOPLIST_KEY_UISupportedInterfaceOrientations_iPhone = "UIInterfaceOrientationPortrait UIInterfaceOrientationLandscapeLeft UIInterfaceOrientationLandscapeRight";
				LD_RUNPATH_SEARCH_PATHS = (
					"$(inherited)",
					"@executable_path/Frameworks",
				);
				MARKETING_VERSION = 1.0;
				PRODUCT_BUNDLE_IDENTIFIER = Nikita12G.Heroes;
				PRODUCT_NAME = "$(TARGET_NAME)";
				SWIFT_EMIT_LOC_STRINGS = YES;
				SWIFT_VERSION = 5.0;
				TARGETED_DEVICE_FAMILY = 1;
			};
			name = Debug;
		};
		A144C5F42746ADD000CB75F3 /* Release */ = {
			isa = XCBuildConfiguration;
			buildSettings = {
				ASSETCATALOG_COMPILER_APPICON_NAME = AppIcon;
				ASSETCATALOG_COMPILER_GLOBAL_ACCENT_COLOR_NAME = AccentColor;
				CODE_SIGN_STYLE = Automatic;
				CURRENT_PROJECT_VERSION = 1;
				DEVELOPMENT_TEAM = HDWNKQ472C;
				GENERATE_INFOPLIST_FILE = YES;
				INFOPLIST_FILE = Heroes/App/Info.plist;
				INFOPLIST_KEY_CFBundleDisplayName = "Heroуs";
				INFOPLIST_KEY_UIApplicationSupportsIndirectInputEvents = YES;
				INFOPLIST_KEY_UILaunchStoryboardName = LaunchScreen;
				INFOPLIST_KEY_UIMainStoryboardFile = Main;
				INFOPLIST_KEY_UISupportedInterfaceOrientations = UIInterfaceOrientationPortrait;
				INFOPLIST_KEY_UISupportedInterfaceOrientations_iPad = "UIInterfaceOrientationPortrait UIInterfaceOrientationPortraitUpsideDown UIInterfaceOrientationLandscapeLeft UIInterfaceOrientationLandscapeRight";
				INFOPLIST_KEY_UISupportedInterfaceOrientations_iPhone = "UIInterfaceOrientationPortrait UIInterfaceOrientationLandscapeLeft UIInterfaceOrientationLandscapeRight";
				LD_RUNPATH_SEARCH_PATHS = (
					"$(inherited)",
					"@executable_path/Frameworks",
				);
				MARKETING_VERSION = 1.0;
				PRODUCT_BUNDLE_IDENTIFIER = Nikita12G.Heroes;
				PRODUCT_NAME = "$(TARGET_NAME)";
				SWIFT_EMIT_LOC_STRINGS = YES;
				SWIFT_VERSION = 5.0;
				TARGETED_DEVICE_FAMILY = 1;
			};
			name = Release;
		};
/* End XCBuildConfiguration section */

/* Begin XCConfigurationList section */
		A144C5D62746ADD000CB75F3 /* Build configuration list for PBXProject "Heroes" */ = {
			isa = XCConfigurationList;
			buildConfigurations = (
				A144C5F02746ADD000CB75F3 /* Debug */,
				A144C5F12746ADD000CB75F3 /* Release */,
			);
			defaultConfigurationIsVisible = 0;
			defaultConfigurationName = Release;
		};
		A144C5F22746ADD000CB75F3 /* Build configuration list for PBXNativeTarget "Heroes" */ = {
			isa = XCConfigurationList;
			buildConfigurations = (
				A144C5F32746ADD000CB75F3 /* Debug */,
				A144C5F42746ADD000CB75F3 /* Release */,
			);
			defaultConfigurationIsVisible = 0;
			defaultConfigurationName = Release;
		};
/* End XCConfigurationList section */

/* Begin XCVersionGroup section */
		A144C5E72746ADD000CB75F3 /* Heroues.xcdatamodeld */ = {
			isa = XCVersionGroup;
			children = (
				A144C5E82746ADD000CB75F3 /* Heroues.xcdatamodel */,
			);
			currentVersion = A144C5E82746ADD000CB75F3 /* Heroues.xcdatamodel */;
			path = Heroues.xcdatamodeld;
			sourceTree = "<group>";
			versionGroupType = wrapper.xcdatamodel;
		};
/* End XCVersionGroup section */
	};
	rootObject = A144C5D32746ADD000CB75F3 /* Project object */;
}
